
Microsoft Visual Studio Solution File, Format Version 12.00
# Visual Studio Version 17
VisualStudioVersion = 17.5.002.0
MinimumVisualStudioVersion = 10.0.40219.1
Project("{9A19103F-16F7-4668-BE54-9A1E7A4F7556}") = "DotnetAPI", "DotnetAPI\DotnetAPI.csproj", "{EF4D1BB5-EA0B-4653-A32D-661C2B60592D}"
EndProject
Global
	GlobalSection(SolutionConfigurationPlatforms) = preSolution
		Debug|Any CPU = Debug|Any CPU
		Release|Any CPU = Release|Any CPU
	EndGlobalSection
	GlobalSection(ProjectConfigurationPlatforms) = postSolution
		{EF4D1BB5-EA0B-4653-A32D-661C2B60592D}.Debug|Any CPU.ActiveCfg = Debug|Any CPU
		{EF4D1BB5-EA0B-4653-A32D-661C2B60592D}.Debug|Any CPU.Build.0 = Debug|Any CPU
		{EF4D1BB5-EA0B-4653-A32D-661C2B60592D}.Release|Any CPU.ActiveCfg = Release|Any CPU
		{EF4D1BB5-EA0B-4653-A32D-661C2B60592D}.Release|Any CPU.Build.0 = Release|Any CPU
	EndGlobalSection
	GlobalSection(SolutionProperties) = preSolution
		HideSolutionNode = FALSE
	EndGlobalSection
	GlobalSection(ExtensibilityGlobals) = postSolution
		SolutionGuid = {B0395512-F83A-4595-AFC8-BF0C1028D11B}
	EndGlobalSection
EndGlobal
